
Microsoft Visual Studio Solution File, Format Version 12.00
# Visual Studio 14
VisualStudioVersion = 14.0.23107.0
MinimumVisualStudioVersion = 10.0.40219.1
Project("{FAE04EC0-301F-11D3-BF4B-00C04F79EFBC}") = "VulkanSharp", "VulkanSharp\VulkanSharp.csproj", "{43172F99-D424-4549-BB83-EFAEC770C0F1}"
EndProject
Project("{FAE04EC0-301F-11D3-BF4B-00C04F79EFBC}") = "VulkanSharp.Windows", "VulkanSharp.Windows\VulkanSharp.Windows.csproj", "{AAEC88FF-54CE-4847-8CD1-D762E7BC928A}"
EndProject
Global
	GlobalSection(SolutionConfigurationPlatforms) = preSolution
		Debug|Any CPU = Debug|Any CPU
		Release|Any CPU = Release|Any CPU
	EndGlobalSection
	GlobalSection(ProjectConfigurationPlatforms) = postSolution
		{43172F99-D424-4549-BB83-EFAEC770C0F1}.Debug|Any CPU.ActiveCfg = Debug|Any CPU
		{43172F99-D424-4549-BB83-EFAEC770C0F1}.Debug|Any CPU.Build.0 = Debug|Any CPU
		{43172F99-D424-4549-BB83-EFAEC770C0F1}.Release|Any CPU.ActiveCfg = Release|Any CPU
		{43172F99-D424-4549-BB83-EFAEC770C0F1}.Release|Any CPU.Build.0 = Release|Any CPU
		{AAEC88FF-54CE-4847-8CD1-D762E7BC928A}.Debug|Any CPU.ActiveCfg = Debug|Any CPU
		{AAEC88FF-54CE-4847-8CD1-D762E7BC928A}.Debug|Any CPU.Build.0 = Debug|Any CPU
		{AAEC88FF-54CE-4847-8CD1-D762E7BC928A}.Release|Any CPU.ActiveCfg = Release|Any CPU
		{AAEC88FF-54CE-4847-8CD1-D762E7BC928A}.Release|Any CPU.Build.0 = Release|Any CPU
	EndGlobalSection
	GlobalSection(SolutionProperties) = preSolution
		HideSolutionNode = FALSE
	EndGlobalSection
EndGlobal
